<?xml version="1.0" encoding="utf-8"?>
<Project ToolsVersion="4.0" xmlns="http://schemas.microsoft.com/developer/msbuild/2003">
  <ItemGroup>
    <Filter Include="Resource Files">
      <UniqueIdentifier>{dfc6c7bb-cea4-43c5-bb1b-b8145cf93dd5}</UniqueIdentifier>
      <Extensions>ico;cur;bmp;dlg;rc2;rct;bin;rgs;gif;jpg;jpeg;jpe</Extensions>
    </Filter>
    <Filter Include="Extra">
      <UniqueIdentifier>{6da03b3e-ec77-465c-bdef-280206450268}</UniqueIdentifier>
    </Filter>
    <Filter Include="src">
      <UniqueIdentifier>{a2511622-7e99-4c67-845f-0751105c3bde}</UniqueIdentifier>
      <Extensions>cpp;c;cxx;rc;def;r;odl;idl;hpj;bat</Extensions>
    </Filter>
  </ItemGroup>
  <ItemGroup>
    <ClCompile Include="..\src\api_info.cpp">
      <Filter>src</Filter>
    </ClCompile>
    <ClCompile Include="..\src\commands_meta.cpp">
      <Filter>src</Filter>
    </ClCompile>
    <ClCompile Include="..\src\conf_meta.cpp">
      <Filter>src</Filter>
    </ClCompile>
    <ClCompile Include="..\src\dllapi.cpp">
      <Filter>src</Filter>
    </ClCompile>
    <ClCompile Include="..\src\engine_api.cpp">
      <Filter>src</Filter>
    </ClCompile>
    <ClCompile Include="..\src\game_support.cpp">
      <Filter>src</Filter>
    </ClCompile>
    <ClCompile Include="..\src\h_export.cpp">
      <Filter>src</Filter>
    </ClCompile>
    <ClCompile Include="..\src\log_meta.cpp">
      <Filter>src</Filter>
    </ClCompile>
    <ClCompile Include="..\src\metamod.cpp">
      <Filter>src</Filter>
    </ClCompile>
    <ClCompile Include="..\src\mlist.cpp">
      <Filter>src</Filter>
    </ClCompile>
    <ClCompile Include="..\src\mplayer.cpp">
      <Filter>src</Filter>
    </ClCompile>
    <ClCompile Include="..\src\mplugin.cpp">
      <Filter>src</Filter>
    </ClCompile>
    <ClCompile Include="..\src\mreg.cpp">
      <Filter>src</Filter>
    </ClCompile>
    <ClCompile Include="..\src\mutil.cpp">
      <Filter>src</Filter>
    </ClCompile>
    <ClCompile Include="..\src\precompiled.cpp">
      <Filter>src</Filter>
    </ClCompile>
    <ClCompile Include="..\src\reg_support.cpp">
      <Filter>src</Filter>
    </ClCompile>
    <ClCompile Include="..\src\sdk_util.cpp">
      <Filter>src</Filter>
    </ClCompile>
    <ClCompile Include="..\src\studioapi.cpp">
      <Filter>src</Filter>
    </ClCompile>
    <ClCompile Include="..\src\utils.cpp">
      <Filter>src</Filter>
    </ClCompile>
    <ClCompile Include="..\src\callback_jit.cpp">
      <Filter>src</Filter>
    </ClCompile>
    <ClCompile Include="..\src\public_amalgamation.cpp">
      <Filter>src</Filter>
    </ClCompile>
    <ClCompile Include="..\src\mdebug.cpp">
      <Filter>src</Filter>
    </ClCompile>
    <ClCompile Include="..\src\mem_utils.cpp">
      <Filter>src</Filter>
    </ClCompile>
    <ClCompile Include="..\src\sys_module.cpp">
      <Filter>src</Filter>
    </ClCompile>
    <ClCompile Include="..\src\mextdll.cpp">
      <Filter>src</Filter>
    </ClCompile>
    <ClCompile Include="..\src\meta_rehlds_api.cpp">
      <Filter>src</Filter>
    </ClCompile>
    <ClCompile Include="..\src\osdep_linkent_win32.cpp">
      <Filter>src</Filter>
    </ClCompile>
    <ClCompile Include="..\src\osdep_linkent_linux.cpp">
      <Filter>src</Filter>
    </ClCompile>
  </ItemGroup>
  <ItemGroup>
    <ClInclude Include="..\src\api_info.h">
      <Filter>src</Filter>
    </ClInclude>
    <ClInclude Include="..\src\commands_meta.h">
      <Filter>src</Filter>
    </ClInclude>
    <ClInclude Include="..\src\conf_meta.h">
      <Filter>src</Filter>
    </ClInclude>
    <ClInclude Include="..\src\dllapi.h">
      <Filter>src</Filter>
    </ClInclude>
    <ClInclude Include="..\src\engine_api.h">
      <Filter>src</Filter>
    </ClInclude>
    <ClInclude Include="..\src\engine_t.h">
      <Filter>src</Filter>
    </ClInclude>
    <ClInclude Include="..\src\enginecallbacks.h">
      <Filter>src</Filter>
    </ClInclude>
    <ClInclude Include="..\src\game_support.h">
      <Filter>src</Filter>
    </ClInclude>
    <ClInclude Include="..\src\h_export.h">
      <Filter>src</Filter>
    </ClInclude>
    <ClInclude Include="..\src\linkent.h">
      <Filter>src</Filter>
    </ClInclude>
    <ClInclude Include="..\src\log_meta.h">
      <Filter>src</Filter>
    </ClInclude>
    <ClInclude Include="..\src\meta_api.h">
      <Filter>src</Filter>
    </ClInclude>
    <ClInclude Include="..\src\metamod.h">
      <Filter>src</Filter>
    </ClInclude>
    <ClInclude Include="..\src\mlist.h">
      <Filter>src</Filter>
    </ClInclude>
    <ClInclude Include="..\src\mplayer.h">
      <Filter>src</Filter>
    </ClInclude>
    <ClInclude Include="..\src\mplugin.h">
      <Filter>src</Filter>
    </ClInclude>
    <ClInclude Include="..\src\mreg.h">
      <Filter>src</Filter>
    </ClInclude>
    <ClInclude Include="..\src\mutil.h">
      <Filter>src</Filter>
    </ClInclude>
    <ClInclude Include="..\src\osdep.h">
      <Filter>src</Filter>
    </ClInclude>
    <ClInclude Include="..\src\plinfo.h">
      <Filter>src</Filter>
    </ClInclude>
    <ClInclude Include="..\src\precompiled.h">
      <Filter>src</Filter>
    </ClInclude>
    <ClInclude Include="..\src\reg_support.h">
      <Filter>src</Filter>
    </ClInclude>
    <ClInclude Include="..\src\sdk_util.h">
      <Filter>src</Filter>
    </ClInclude>
    <ClInclude Include="..\src\studioapi.h">
      <Filter>src</Filter>
    </ClInclude>
    <ClInclude Include="..\src\utils.h">
      <Filter>src</Filter>
    </ClInclude>
    <ClInclude Include="..\src\callback_jit.h">
      <Filter>src</Filter>
    </ClInclude>
    <ClInclude Include="..\src\jitasm.h">
      <Filter>src</Filter>
    </ClInclude>
    <ClInclude Include="..\src\mdebug.h">
      <Filter>src</Filter>
    </ClInclude>
    <ClInclude Include="..\src\mem_utils.h">
      <Filter>src</Filter>
    </ClInclude>
    <ClInclude Include="..\src\sys_module.h">
      <Filter>src</Filter>
    </ClInclude>
    <ClInclude Include="..\src\mextdll.h">
      <Filter>src</Filter>
    </ClInclude>
    <ClInclude Include="..\src\meta_rehlds_api.h">
      <Filter>src</Filter>
    </ClInclude>
  </ItemGroup>
  <ItemGroup>
    <None Include="metamod.def">
      <Filter>Resource Files</Filter>
    </None>
    <None Include="..\extra\config.ini">
      <Filter>Extra</Filter>
    </None>
  </ItemGroup>
  <ItemGroup>
    <ResourceCompile Include="metamod.rc">
      <Filter>Resource Files</Filter>
    </ResourceCompile>
  </ItemGroup>
</Project>