<?xml version="1.0" encoding="utf-8"?>
<Project ToolsVersion="4.0" xmlns="http://schemas.microsoft.com/developer/msbuild/2003">
  <ItemGroup>
    <Filter Include="Source Files">
      <UniqueIdentifier>{a2511622-7e99-4c67-845f-0751105c3bde}</UniqueIdentifier>
      <Extensions>cpp;c;cxx;rc;def;r;odl;idl;hpj;bat</Extensions>
    </Filter>
    <Filter Include="Resource Files">
      <UniqueIdentifier>{dfc6c7bb-cea4-43c5-bb1b-b8145cf93dd5}</UniqueIdentifier>
      <Extensions>ico;cur;bmp;dlg;rc2;rct;bin;rgs;gif;jpg;jpeg;jpe</Extensions>
    </Filter>
  </ItemGroup>
  <ItemGroup>
    <ClCompile Include="..\src\api_info.cpp">
      <Filter>Source Files</Filter>
    </ClCompile>
    <ClCompile Include="..\src\commands_meta.cpp">
      <Filter>Source Files</Filter>
    </ClCompile>
    <ClCompile Include="..\src\conf_meta.cpp">
      <Filter>Source Files</Filter>
    </ClCompile>
    <ClCompile Include="..\src\dllapi.cpp">
      <Filter>Source Files</Filter>
    </ClCompile>
    <ClCompile Include="..\src\engine_api.cpp">
      <Filter>Source Files</Filter>
    </ClCompile>
    <ClCompile Include="..\src\game_support.cpp">
      <Filter>Source Files</Filter>
    </ClCompile>
    <ClCompile Include="..\src\h_export.cpp">
      <Filter>Source Files</Filter>
    </ClCompile>
    <ClCompile Include="..\src\linkent.cpp">
      <Filter>Source Files</Filter>
    </ClCompile>
    <ClCompile Include="..\src\linkgame.cpp">
      <Filter>Source Files</Filter>
    </ClCompile>
    <ClCompile Include="..\src\log_meta.cpp">
      <Filter>Source Files</Filter>
    </ClCompile>
    <ClCompile Include="..\src\meta_eiface.cpp">
      <Filter>Source Files</Filter>
    </ClCompile>
    <ClCompile Include="..\src\metamod.cpp">
      <Filter>Source Files</Filter>
    </ClCompile>
    <ClCompile Include="..\src\mlist.cpp">
      <Filter>Source Files</Filter>
    </ClCompile>
    <ClCompile Include="..\src\mplayer.cpp">
      <Filter>Source Files</Filter>
    </ClCompile>
    <ClCompile Include="..\src\mplugin.cpp">
      <Filter>Source Files</Filter>
    </ClCompile>
    <ClCompile Include="..\src\mreg.cpp">
      <Filter>Source Files</Filter>
    </ClCompile>
    <ClCompile Include="..\src\mutil.cpp">
      <Filter>Source Files</Filter>
    </ClCompile>
    <ClCompile Include="..\src\osdep.cpp">
      <Filter>Source Files</Filter>
    </ClCompile>
    <ClCompile Include="..\src\precompiled.cpp">
      <Filter>Source Files</Filter>
    </ClCompile>
    <ClCompile Include="..\src\reg_support.cpp">
      <Filter>Source Files</Filter>
    </ClCompile>
    <ClCompile Include="..\src\sdk_util.cpp">
      <Filter>Source Files</Filter>
    </ClCompile>
    <ClCompile Include="..\src\studioapi.cpp">
      <Filter>Source Files</Filter>
    </ClCompile>
    <ClCompile Include="..\src\support_meta.cpp">
      <Filter>Source Files</Filter>
    </ClCompile>
    <ClCompile Include="..\src\utils.cpp">
      <Filter>Source Files</Filter>
    </ClCompile>
  </ItemGroup>
  <ItemGroup>
    <ClInclude Include="..\src\api_info.h">
      <Filter>Source Files</Filter>
    </ClInclude>
    <ClInclude Include="..\src\commands_meta.h">
      <Filter>Source Files</Filter>
    </ClInclude>
    <ClInclude Include="..\src\conf_meta.h">
      <Filter>Source Files</Filter>
    </ClInclude>
    <ClInclude Include="..\src\dllapi.h">
      <Filter>Source Files</Filter>
    </ClInclude>
    <ClInclude Include="..\src\engine_api.h">
      <Filter>Source Files</Filter>
    </ClInclude>
    <ClInclude Include="..\src\engine_t.h">
      <Filter>Source Files</Filter>
    </ClInclude>
    <ClInclude Include="..\src\enginecallbacks.h">
      <Filter>Source Files</Filter>
    </ClInclude>
    <ClInclude Include="..\src\game_support.h">
      <Filter>Source Files</Filter>
    </ClInclude>
    <ClInclude Include="..\src\games.h">
      <Filter>Source Files</Filter>
    </ClInclude>
    <ClInclude Include="..\src\h_export.h">
      <Filter>Source Files</Filter>
    </ClInclude>
    <ClInclude Include="..\src\linkent.h">
      <Filter>Source Files</Filter>
    </ClInclude>
    <ClInclude Include="..\src\log_meta.h">
      <Filter>Source Files</Filter>
    </ClInclude>
    <ClInclude Include="..\src\meta_api.h">
      <Filter>Source Files</Filter>
    </ClInclude>
    <ClInclude Include="..\src\meta_eiface.h">
      <Filter>Source Files</Filter>
    </ClInclude>
    <ClInclude Include="..\src\metamod.h">
      <Filter>Source Files</Filter>
    </ClInclude>
    <ClInclude Include="..\src\mhook.h">
      <Filter>Source Files</Filter>
    </ClInclude>
    <ClInclude Include="..\src\mlist.h">
      <Filter>Source Files</Filter>
    </ClInclude>
    <ClInclude Include="..\src\mplayer.h">
      <Filter>Source Files</Filter>
    </ClInclude>
    <ClInclude Include="..\src\mplugin.h">
      <Filter>Source Files</Filter>
    </ClInclude>
    <ClInclude Include="..\src\mqueue.h">
      <Filter>Source Files</Filter>
    </ClInclude>
    <ClInclude Include="..\src\mreg.h">
      <Filter>Source Files</Filter>
    </ClInclude>
    <ClInclude Include="..\src\mutil.h">
      <Filter>Source Files</Filter>
    </ClInclude>
    <ClInclude Include="..\src\osdep.h">
      <Filter>Source Files</Filter>
    </ClInclude>
    <ClInclude Include="..\src\plinfo.h">
      <Filter>Source Files</Filter>
    </ClInclude>
    <ClInclude Include="..\src\precompiled.h">
      <Filter>Source Files</Filter>
    </ClInclude>
    <ClInclude Include="..\src\reg_support.h">
      <Filter>Source Files</Filter>
    </ClInclude>
    <ClInclude Include="..\src\sdk_util.h">
      <Filter>Source Files</Filter>
    </ClInclude>
    <ClInclude Include="..\src\studioapi.h">
      <Filter>Source Files</Filter>
    </ClInclude>
    <ClInclude Include="..\src\support_meta.h">
      <Filter>Source Files</Filter>
    </ClInclude>
    <ClInclude Include="..\src\types_meta.h">
      <Filter>Source Files</Filter>
    </ClInclude>
    <ClInclude Include="..\src\utils.h">
      <Filter>Source Files</Filter>
    </ClInclude>
  </ItemGroup>
  <ItemGroup>
    <None Include="metamod.def">
      <Filter>Resource Files</Filter>
    </None>
  </ItemGroup>
  <ItemGroup>
    <ResourceCompile Include="metamod.rc">
      <Filter>Resource Files</Filter>
    </ResourceCompile>
  </ItemGroup>
</Project>