<?xml version="1.0" encoding="utf-8"?>
<Project ToolsVersion="4.0" xmlns="http://schemas.microsoft.com/developer/msbuild/2003">
  <ItemGroup>
    <Filter Include="Source Files">
      <UniqueIdentifier>{4FC737F1-C7A5-4376-A066-2A32D752A2FF}</UniqueIdentifier>
      <Extensions>cpp;c;cc;cxx;def;odl;idl;hpj;bat;asm;asmx</Extensions>
    </Filter>
    <Filter Include="Header Files">
      <UniqueIdentifier>{93995380-89BD-4b04-88EB-625FBE52EBFB}</UniqueIdentifier>
      <Extensions>h;hpp;hxx;hm;inl;inc;xsd</Extensions>
    </Filter>
    <Filter Include="Resource Files">
      <UniqueIdentifier>{67DA6AB6-F800-4c08-8B7A-83BB121AAD01}</UniqueIdentifier>
      <Extensions>rc;ico;cur;bmp;dlg;rc2;rct;bin;rgs;gif;jpg;jpeg;jpe;resx;tiff;tif;png;wav</Extensions>
    </Filter>
  </ItemGroup>
  <ItemGroup>
    <ClCompile Include="..\src\api_hook.cpp">
      <Filter>Source Files</Filter>
    </ClCompile>
    <ClCompile Include="..\src\api_info.cpp">
      <Filter>Source Files</Filter>
    </ClCompile>
    <ClCompile Include="..\src\commands_meta.cpp">
      <Filter>Source Files</Filter>
    </ClCompile>
    <ClCompile Include="..\src\conf_meta.cpp">
      <Filter>Source Files</Filter>
    </ClCompile>
    <ClCompile Include="..\src\dllapi.cpp">
      <Filter>Source Files</Filter>
    </ClCompile>
    <ClCompile Include="..\src\engine_api.cpp">
      <Filter>Source Files</Filter>
    </ClCompile>
    <ClCompile Include="..\src\engineinfo.cpp">
      <Filter>Source Files</Filter>
    </ClCompile>
    <ClCompile Include="..\src\game_autodetect.cpp">
      <Filter>Source Files</Filter>
    </ClCompile>
    <ClCompile Include="..\src\game_support.cpp">
      <Filter>Source Files</Filter>
    </ClCompile>
    <ClCompile Include="..\src\h_export.cpp">
      <Filter>Source Files</Filter>
    </ClCompile>
    <ClCompile Include="..\src\linkplug.cpp">
      <Filter>Source Files</Filter>
    </ClCompile>
    <ClCompile Include="..\src\log_meta.cpp">
      <Filter>Source Files</Filter>
    </ClCompile>
    <ClCompile Include="..\src\meta_eiface.cpp">
      <Filter>Source Files</Filter>
    </ClCompile>
    <ClCompile Include="..\src\metamod.cpp">
      <Filter>Source Files</Filter>
    </ClCompile>
    <ClCompile Include="..\src\mlist.cpp">
      <Filter>Source Files</Filter>
    </ClCompile>
    <ClCompile Include="..\src\mplayer.cpp">
      <Filter>Source Files</Filter>
    </ClCompile>
    <ClCompile Include="..\src\mplugin.cpp">
      <Filter>Source Files</Filter>
    </ClCompile>
    <ClCompile Include="..\src\mreg.cpp">
      <Filter>Source Files</Filter>
    </ClCompile>
    <ClCompile Include="..\src\mutil.cpp">
      <Filter>Source Files</Filter>
    </ClCompile>
    <ClCompile Include="..\src\osdep.cpp">
      <Filter>Source Files</Filter>
    </ClCompile>
    <ClCompile Include="..\src\osdep_detect_gamedll_win32.cpp">
      <Filter>Source Files</Filter>
    </ClCompile>
    <ClCompile Include="..\src\osdep_linkent_win32.cpp">
      <Filter>Source Files</Filter>
    </ClCompile>
    <ClCompile Include="..\src\osdep_p.cpp">
      <Filter>Source Files</Filter>
    </ClCompile>
    <ClCompile Include="..\src\reg_support.cpp">
      <Filter>Source Files</Filter>
    </ClCompile>
    <ClCompile Include="..\src\sdk_util.cpp">
      <Filter>Source Files</Filter>
    </ClCompile>
    <ClCompile Include="..\src\support_meta.cpp">
      <Filter>Source Files</Filter>
    </ClCompile>
    <ClCompile Include="..\src\vdate.cpp">
      <Filter>Source Files</Filter>
    </ClCompile>
  </ItemGroup>
  <ItemGroup>
    <ClInclude Include="..\src\api_hook.h">
      <Filter>Header Files</Filter>
    </ClInclude>
    <ClInclude Include="..\src\api_info.h">
      <Filter>Header Files</Filter>
    </ClInclude>
    <ClInclude Include="..\src\commands_meta.h">
      <Filter>Header Files</Filter>
    </ClInclude>
    <ClInclude Include="..\src\comp_dep.h">
      <Filter>Header Files</Filter>
    </ClInclude>
    <ClInclude Include="..\src\conf_meta.h">
      <Filter>Header Files</Filter>
    </ClInclude>
    <ClInclude Include="..\src\dllapi.h">
      <Filter>Header Files</Filter>
    </ClInclude>
    <ClInclude Include="..\src\engine_api.h">
      <Filter>Header Files</Filter>
    </ClInclude>
    <ClInclude Include="..\src\engineinfo.h">
      <Filter>Header Files</Filter>
    </ClInclude>
    <ClInclude Include="..\src\game_autodetect.h">
      <Filter>Header Files</Filter>
    </ClInclude>
    <ClInclude Include="..\src\game_support.h">
      <Filter>Header Files</Filter>
    </ClInclude>
    <ClInclude Include="..\src\games.h">
      <Filter>Header Files</Filter>
    </ClInclude>
    <ClInclude Include="..\src\h_export.h">
      <Filter>Header Files</Filter>
    </ClInclude>
    <ClInclude Include="..\src\info_name.h">
      <Filter>Header Files</Filter>
    </ClInclude>
    <ClInclude Include="..\src\linkent.h">
      <Filter>Header Files</Filter>
    </ClInclude>
    <ClInclude Include="..\src\log_meta.h">
      <Filter>Header Files</Filter>
    </ClInclude>
    <ClInclude Include="..\src\meta_api.h">
      <Filter>Header Files</Filter>
    </ClInclude>
    <ClInclude Include="..\src\meta_eiface.h">
      <Filter>Header Files</Filter>
    </ClInclude>
    <ClInclude Include="..\src\metamod.h">
      <Filter>Header Files</Filter>
    </ClInclude>
    <ClInclude Include="..\src\mlist.h">
      <Filter>Header Files</Filter>
    </ClInclude>
    <ClInclude Include="..\src\mm_pextensions.h">
      <Filter>Header Files</Filter>
    </ClInclude>
    <ClInclude Include="..\src\mplayer.h">
      <Filter>Header Files</Filter>
    </ClInclude>
    <ClInclude Include="..\src\mplugin.h">
      <Filter>Header Files</Filter>
    </ClInclude>
    <ClInclude Include="..\src\mreg.h">
      <Filter>Header Files</Filter>
    </ClInclude>
    <ClInclude Include="..\src\mutil.h">
      <Filter>Header Files</Filter>
    </ClInclude>
    <ClInclude Include="..\src\new_baseclass.h">
      <Filter>Header Files</Filter>
    </ClInclude>
    <ClInclude Include="..\src\osdep.h">
      <Filter>Header Files</Filter>
    </ClInclude>
    <ClInclude Include="..\src\osdep_p.h">
      <Filter>Header Files</Filter>
    </ClInclude>
    <ClInclude Include="..\src\plinfo.h">
      <Filter>Header Files</Filter>
    </ClInclude>
    <ClInclude Include="..\src\reg_support.h">
      <Filter>Header Files</Filter>
    </ClInclude>
    <ClInclude Include="..\src\ret_type.h">
      <Filter>Header Files</Filter>
    </ClInclude>
    <ClInclude Include="..\src\sdk_util.h">
      <Filter>Header Files</Filter>
    </ClInclude>
    <ClInclude Include="..\src\support_meta.h">
      <Filter>Header Files</Filter>
    </ClInclude>
    <ClInclude Include="..\src\tqueue.h">
      <Filter>Header Files</Filter>
    </ClInclude>
    <ClInclude Include="..\src\types_meta.h">
      <Filter>Header Files</Filter>
    </ClInclude>
    <ClInclude Include="..\src\vdate.h">
      <Filter>Header Files</Filter>
    </ClInclude>
    <ClInclude Include="..\src\vers_meta.h">
      <Filter>Header Files</Filter>
    </ClInclude>
  </ItemGroup>
  <ItemGroup>
    <ResourceCompile Include="res_meta.rc">
      <Filter>Resource Files</Filter>
    </ResourceCompile>
  </ItemGroup>
</Project>