
Microsoft Visual Studio Solution File, Format Version 12.00
# Visual Studio 2013
VisualStudioVersion = 12.0.40629.0
MinimumVisualStudioVersion = 10.0.40219.1
Project("{8BC9CEB8-8B4A-11D0-8D11-00A0C91BC942}") = "example_plugin", "example_plugin.vcxproj", "{1B03767B-CB83-4A1B-8480-EF08D557838B}"
EndProject
Global
	GlobalSection(SolutionConfigurationPlatforms) = preSolution
		Debug|Win32 = Debug|Win32
		Release|Win32 = Release|Win32
	EndGlobalSection
	GlobalSection(ProjectConfigurationPlatforms) = postSolution
		{1B03767B-CB83-4A1B-8480-EF08D557838B}.Debug|Win32.ActiveCfg = Debug|Win32
		{1B03767B-CB83-4A1B-8480-EF08D557838B}.Debug|Win32.Build.0 = Debug|Win32
		{1B03767B-CB83-4A1B-8480-EF08D557838B}.Release|Win32.ActiveCfg = Release|Win32
		{1B03767B-CB83-4A1B-8480-EF08D557838B}.Release|Win32.Build.0 = Release|Win32
	EndGlobalSection
	GlobalSection(SolutionProperties) = preSolution
		HideSolutionNode = FALSE
	EndGlobalSection
EndGlobal
